
Microsoft Visual Studio Solution File, Format Version 12.00
# Visual Studio Version 17
VisualStudioVersion = 17.6.33815.320
MinimumVisualStudioVersion = 10.0.40219.1
Project("{8BC9CEB8-8B4A-11D0-8D11-00A0C91BC942}") = "FindMinTemp", "FindMinTemp\FindMinTemp.vcxproj", "{C9779473-2EF2-4882-BDFA-A8937435E1FF}"
EndProject
Global
	GlobalSection(SolutionConfigurationPlatforms) = preSolution
		Debug|x64 = Debug|x64
		Debug|x86 = Debug|x86
		Release|x64 = Release|x64
		Release|x86 = Release|x86
	EndGlobalSection
	GlobalSection(ProjectConfigurationPlatforms) = postSolution
		{C9779473-2EF2-4882-BDFA-A8937435E1FF}.Debug|x64.ActiveCfg = Debug|x64
		{C9779473-2EF2-4882-BDFA-A8937435E1FF}.Debug|x64.Build.0 = Debug|x64
		{C9779473-2EF2-4882-BDFA-A8937435E1FF}.Debug|x86.ActiveCfg = Debug|Win32
		{C9779473-2EF2-4882-BDFA-A8937435E1FF}.Debug|x86.Build.0 = Debug|Win32
		{C9779473-2EF2-4882-BDFA-A8937435E1FF}.Release|x64.ActiveCfg = Release|x64
		{C9779473-2EF2-4882-BDFA-A8937435E1FF}.Release|x64.Build.0 = Release|x64
		{C9779473-2EF2-4882-BDFA-A8937435E1FF}.Release|x86.ActiveCfg = Release|Win32
		{C9779473-2EF2-4882-BDFA-A8937435E1FF}.Release|x86.Build.0 = Release|Win32
	EndGlobalSection
	GlobalSection(SolutionProperties) = preSolution
		HideSolutionNode = FALSE
	EndGlobalSection
	GlobalSection(ExtensibilityGlobals) = postSolution
		SolutionGuid = {33F954C5-24C3-4669-A042-4F4B00869233}
	EndGlobalSection
EndGlobal
